// !$*UTF8*$!
{
	archiveVersion = 1;
	classes = {
	};
	objectVersion = 56;
	objects = {

/* Begin PBXBuildFile section */
		C75B15032BEA12590094D946 /* RecentsView.swift in Sources */ = {isa = PBXBuildFile; fileRef = C75B15022BEA12590094D946 /* RecentsView.swift */; };
		C75B15052BEA19920094D946 /* SwiftfulUI in Frameworks */ = {isa = PBXBuildFile; productRef = C75B15042BEA19920094D946 /* SwiftfulUI */; };
		C7FEE3BC2BE8BD1B008B4F60 /* SpotifyCoverApp.swift in Sources */ = {isa = PBXBuildFile; fileRef = C7FEE3BB2BE8BD1B008B4F60 /* SpotifyCoverApp.swift */; };
		C7FEE3BE2BE8BD1B008B4F60 /* ContentView.swift in Sources */ = {isa = PBXBuildFile; fileRef = C7FEE3BD2BE8BD1B008B4F60 /* ContentView.swift */; };
		C7FEE3C02BE8BD1C008B4F60 /* Assets.xcassets in Resources */ = {isa = PBXBuildFile; fileRef = C7FEE3BF2BE8BD1C008B4F60 /* Assets.xcassets */; };
		C7FEE3C32BE8BD1C008B4F60 /* Preview Assets.xcassets in Resources */ = {isa = PBXBuildFile; fileRef = C7FEE3C22BE8BD1C008B4F60 /* Preview Assets.xcassets */; };
		C7FEE3CB2BE8BD72008B4F60 /* SDWebImageSwiftUI in Frameworks */ = {isa = PBXBuildFile; productRef = C7FEE3CA2BE8BD72008B4F60 /* SDWebImageSwiftUI */; };
		C7FEE3CE2BE8BE3D008B4F60 /* ImageLoaderView.swift in Sources */ = {isa = PBXBuildFile; fileRef = C7FEE3CD2BE8BE3D008B4F60 /* ImageLoaderView.swift */; };
		C7FEE3D02BE8BF02008B4F60 /* Constants.swift in Sources */ = {isa = PBXBuildFile; fileRef = C7FEE3CF2BE8BF02008B4F60 /* Constants.swift */; };
		C7FEE3D22BE8C271008B4F60 /* DataBaseHelper.swift in Sources */ = {isa = PBXBuildFile; fileRef = C7FEE3D12BE8C271008B4F60 /* DataBaseHelper.swift */; };
		C7FEE3D52BE8C5C8008B4F60 /* DataError.swift in Sources */ = {isa = PBXBuildFile; fileRef = C7FEE3D42BE8C5C8008B4F60 /* DataError.swift */; };
		C7FEE3D72BE8CA19008B4F60 /* Product.swift in Sources */ = {isa = PBXBuildFile; fileRef = C7FEE3D62BE8CA19008B4F60 /* Product.swift */; };
		C7FEE3D92BE8CA57008B4F60 /* User.swift in Sources */ = {isa = PBXBuildFile; fileRef = C7FEE3D82BE8CA57008B4F60 /* User.swift */; };
		C7FEE3DD2BE8CF35008B4F60 /* SwiftfulUI in Frameworks */ = {isa = PBXBuildFile; productRef = C7FEE3DC2BE8CF35008B4F60 /* SwiftfulUI */; };
		C7FEE3E02BE8CF5C008B4F60 /* SwiftfulRouting in Frameworks */ = {isa = PBXBuildFile; productRef = C7FEE3DF2BE8CF5C008B4F60 /* SwiftfulRouting */; };
		C7FEE3E42BE8D23D008B4F60 /* HomeView.swift in Sources */ = {isa = PBXBuildFile; fileRef = C7FEE3E32BE8D23D008B4F60 /* HomeView.swift */; };
		C7FEE3E62BE8D250008B4F60 /* HomeViewModel.swift in Sources */ = {isa = PBXBuildFile; fileRef = C7FEE3E52BE8D250008B4F60 /* HomeViewModel.swift */; };
		C7FEE3E92BE8D93F008B4F60 /* CategoryView.swift in Sources */ = {isa = PBXBuildFile; fileRef = C7FEE3E82BE8D93F008B4F60 /* CategoryView.swift */; };
		C7FEE3EC2BE8DE46008B4F60 /* Category.swift in Sources */ = {isa = PBXBuildFile; fileRef = C7FEE3EB2BE8DE46008B4F60 /* Category.swift */; };
/* End PBXBuildFile section */

/* Begin PBXFileReference section */
		C75B15022BEA12590094D946 /* RecentsView.swift */ = {isa = PBXFileReference; lastKnownFileType = sourcecode.swift; path = RecentsView.swift; sourceTree = "<group>"; };
		C7FEE3B82BE8BD1B008B4F60 /* SpotifyCover.app */ = {isa = PBXFileReference; explicitFileType = wrapper.application; includeInIndex = 0; path = SpotifyCover.app; sourceTree = BUILT_PRODUCTS_DIR; };
		C7FEE3BB2BE8BD1B008B4F60 /* SpotifyCoverApp.swift */ = {isa = PBXFileReference; lastKnownFileType = sourcecode.swift; path = SpotifyCoverApp.swift; sourceTree = "<group>"; };
		C7FEE3BD2BE8BD1B008B4F60 /* ContentView.swift */ = {isa = PBXFileReference; lastKnownFileType = sourcecode.swift; path = ContentView.swift; sourceTree = "<group>"; };
		C7FEE3BF2BE8BD1C008B4F60 /* Assets.xcassets */ = {isa = PBXFileReference; lastKnownFileType = folder.assetcatalog; path = Assets.xcassets; sourceTree = "<group>"; };
		C7FEE3C22BE8BD1C008B4F60 /* Preview Assets.xcassets */ = {isa = PBXFileReference; lastKnownFileType = folder.assetcatalog; path = "Preview Assets.xcassets"; sourceTree = "<group>"; };
		C7FEE3CD2BE8BE3D008B4F60 /* ImageLoaderView.swift */ = {isa = PBXFileReference; lastKnownFileType = sourcecode.swift; path = ImageLoaderView.swift; sourceTree = "<group>"; };
		C7FEE3CF2BE8BF02008B4F60 /* Constants.swift */ = {isa = PBXFileReference; lastKnownFileType = sourcecode.swift; path = Constants.swift; sourceTree = "<group>"; };
		C7FEE3D12BE8C271008B4F60 /* DataBaseHelper.swift */ = {isa = PBXFileReference; lastKnownFileType = sourcecode.swift; path = DataBaseHelper.swift; sourceTree = "<group>"; };
		C7FEE3D42BE8C5C8008B4F60 /* DataError.swift */ = {isa = PBXFileReference; lastKnownFileType = sourcecode.swift; path = DataError.swift; sourceTree = "<group>"; };
		C7FEE3D62BE8CA19008B4F60 /* Product.swift */ = {isa = PBXFileReference; lastKnownFileType = sourcecode.swift; path = Product.swift; sourceTree = "<group>"; };
		C7FEE3D82BE8CA57008B4F60 /* User.swift */ = {isa = PBXFileReference; lastKnownFileType = sourcecode.swift; path = User.swift; sourceTree = "<group>"; };
		C7FEE3E32BE8D23D008B4F60 /* HomeView.swift */ = {isa = PBXFileReference; lastKnownFileType = sourcecode.swift; path = HomeView.swift; sourceTree = "<group>"; };
		C7FEE3E52BE8D250008B4F60 /* HomeViewModel.swift */ = {isa = PBXFileReference; lastKnownFileType = sourcecode.swift; path = HomeViewModel.swift; sourceTree = "<group>"; };
		C7FEE3E82BE8D93F008B4F60 /* CategoryView.swift */ = {isa = PBXFileReference; lastKnownFileType = sourcecode.swift; path = CategoryView.swift; sourceTree = "<group>"; };
		C7FEE3EB2BE8DE46008B4F60 /* Category.swift */ = {isa = PBXFileReference; lastKnownFileType = sourcecode.swift; path = Category.swift; sourceTree = "<group>"; };
/* End PBXFileReference section */

/* Begin PBXFrameworksBuildPhase section */
		C7FEE3B52BE8BD1B008B4F60 /* Frameworks */ = {
			isa = PBXFrameworksBuildPhase;
			buildActionMask = 2147483647;
			files = (
				C75B15052BEA19920094D946 /* SwiftfulUI in Frameworks */,
				C7FEE3DD2BE8CF35008B4F60 /* SwiftfulUI in Frameworks */,
				C7FEE3E02BE8CF5C008B4F60 /* SwiftfulRouting in Frameworks */,
				C7FEE3CB2BE8BD72008B4F60 /* SDWebImageSwiftUI in Frameworks */,
			);
			runOnlyForDeploymentPostprocessing = 0;
		};
/* End PBXFrameworksBuildPhase section */

/* Begin PBXGroup section */
		C7FEE3AF2BE8BD1B008B4F60 = {
			isa = PBXGroup;
			children = (
				C7FEE3BA2BE8BD1B008B4F60 /* SpotifyCover */,
				C7FEE3B92BE8BD1B008B4F60 /* Products */,
			);
			sourceTree = "<group>";
		};
		C7FEE3B92BE8BD1B008B4F60 /* Products */ = {
			isa = PBXGroup;
			children = (
				C7FEE3B82BE8BD1B008B4F60 /* SpotifyCover.app */,
			);
			name = Products;
			sourceTree = "<group>";
		};
		C7FEE3BA2BE8BD1B008B4F60 /* SpotifyCover */ = {
			isa = PBXGroup;
			children = (
				C7FEE3DA2BE8CAEE008B4F60 /* Root */,
				C7FEE3E12BE8D1AF008B4F60 /* Views */,
				C7FEE3D32BE8C5B3008B4F60 /* Models */,
				C7FEE3CC2BE8BE1E008B4F60 /* Shared */,
				C7FEE3BF2BE8BD1C008B4F60 /* Assets.xcassets */,
				C7FEE3C12BE8BD1C008B4F60 /* Preview Content */,
			);
			path = SpotifyCover;
			sourceTree = "<group>";
		};
		C7FEE3C12BE8BD1C008B4F60 /* Preview Content */ = {
			isa = PBXGroup;
			children = (
				C7FEE3C22BE8BD1C008B4F60 /* Preview Assets.xcassets */,
			);
			path = "Preview Content";
			sourceTree = "<group>";
		};
		C7FEE3CC2BE8BE1E008B4F60 /* Shared */ = {
			isa = PBXGroup;
			children = (
				C7FEE3CD2BE8BE3D008B4F60 /* ImageLoaderView.swift */,
				C7FEE3CF2BE8BF02008B4F60 /* Constants.swift */,
				C7FEE3D12BE8C271008B4F60 /* DataBaseHelper.swift */,
			);
			path = Shared;
			sourceTree = "<group>";
		};
		C7FEE3D32BE8C5B3008B4F60 /* Models */ = {
			isa = PBXGroup;
			children = (
				C7FEE3EA2BE8DE23008B4F60 /* Enums */,
				C7FEE3D62BE8CA19008B4F60 /* Product.swift */,
				C7FEE3D82BE8CA57008B4F60 /* User.swift */,
			);
			path = Models;
			sourceTree = "<group>";
		};
		C7FEE3DA2BE8CAEE008B4F60 /* Root */ = {
			isa = PBXGroup;
			children = (
				C7FEE3BD2BE8BD1B008B4F60 /* ContentView.swift */,
				C7FEE3BB2BE8BD1B008B4F60 /* SpotifyCoverApp.swift */,
			);
			path = Root;
			sourceTree = "<group>";
		};
		C7FEE3E12BE8D1AF008B4F60 /* Views */ = {
			isa = PBXGroup;
			children = (
				C7FEE3E22BE8D1C5008B4F60 /* Home */,
				C7FEE3E72BE8D8AC008B4F60 /* Components */,
			);
			path = Views;
			sourceTree = "<group>";
		};
		C7FEE3E22BE8D1C5008B4F60 /* Home */ = {
			isa = PBXGroup;
			children = (
				C7FEE3E32BE8D23D008B4F60 /* HomeView.swift */,
				C7FEE3E52BE8D250008B4F60 /* HomeViewModel.swift */,
			);
			path = Home;
			sourceTree = "<group>";
		};
		C7FEE3E72BE8D8AC008B4F60 /* Components */ = {
			isa = PBXGroup;
			children = (
				C7FEE3E82BE8D93F008B4F60 /* CategoryView.swift */,
				C75B15022BEA12590094D946 /* RecentsView.swift */,
			);
			path = Components;
			sourceTree = "<group>";
		};
		C7FEE3EA2BE8DE23008B4F60 /* Enums */ = {
			isa = PBXGroup;
			children = (
				C7FEE3D42BE8C5C8008B4F60 /* DataError.swift */,
				C7FEE3EB2BE8DE46008B4F60 /* Category.swift */,
			);
			path = Enums;
			sourceTree = "<group>";
		};
/* End PBXGroup section */

/* Begin PBXNativeTarget section */
		C7FEE3B72BE8BD1B008B4F60 /* SpotifyCover */ = {
			isa = PBXNativeTarget;
			buildConfigurationList = C7FEE3C62BE8BD1C008B4F60 /* Build configuration list for PBXNativeTarget "SpotifyCover" */;
			buildPhases = (
				C7FEE3B42BE8BD1B008B4F60 /* Sources */,
				C7FEE3B52BE8BD1B008B4F60 /* Frameworks */,
				C7FEE3B62BE8BD1B008B4F60 /* Resources */,
			);
			buildRules = (
			);
			dependencies = (
			);
			name = SpotifyCover;
			packageProductDependencies = (
				C7FEE3CA2BE8BD72008B4F60 /* SDWebImageSwiftUI */,
				C7FEE3DC2BE8CF35008B4F60 /* SwiftfulUI */,
				C7FEE3DF2BE8CF5C008B4F60 /* SwiftfulRouting */,
				C75B15042BEA19920094D946 /* SwiftfulUI */,
			);
			productName = SpotifyCover;
			productReference = C7FEE3B82BE8BD1B008B4F60 /* SpotifyCover.app */;
			productType = "com.apple.product-type.application";
		};
/* End PBXNativeTarget section */

/* Begin PBXProject section */
		C7FEE3B02BE8BD1B008B4F60 /* Project object */ = {
			isa = PBXProject;
			attributes = {
				BuildIndependentTargetsInParallel = 1;
				LastSwiftUpdateCheck = 1520;
				LastUpgradeCheck = 1520;
				TargetAttributes = {
					C7FEE3B72BE8BD1B008B4F60 = {
						CreatedOnToolsVersion = 15.2;
					};
				};
			};
			buildConfigurationList = C7FEE3B32BE8BD1B008B4F60 /* Build configuration list for PBXProject "SpotifyCover" */;
			compatibilityVersion = "Xcode 14.0";
			developmentRegion = en;
			hasScannedForEncodings = 0;
			knownRegions = (
				en,
				Base,
			);
			mainGroup = C7FEE3AF2BE8BD1B008B4F60;
			packageReferences = (
				C7FEE3C92BE8BD72008B4F60 /* XCRemoteSwiftPackageReference "SDWebImageSwiftUI" */,
				C7FEE3DB2BE8CF35008B4F60 /* XCRemoteSwiftPackageReference "SwiftfulUI" */,
				C7FEE3DE2BE8CF5C008B4F60 /* XCRemoteSwiftPackageReference "SwiftfulRouting" */,
			);
			productRefGroup = C7FEE3B92BE8BD1B008B4F60 /* Products */;
			projectDirPath = "";
			projectRoot = "";
			targets = (
				C7FEE3B72BE8BD1B008B4F60 /* SpotifyCover */,
			);
		};
/* End PBXProject section */

/* Begin PBXResourcesBuildPhase section */
		C7FEE3B62BE8BD1B008B4F60 /* Resources */ = {
			isa = PBXResourcesBuildPhase;
			buildActionMask = 2147483647;
			files = (
				C7FEE3C32BE8BD1C008B4F60 /* Preview Assets.xcassets in Resources */,
				C7FEE3C02BE8BD1C008B4F60 /* Assets.xcassets in Resources */,
			);
			runOnlyForDeploymentPostprocessing = 0;
		};
/* End PBXResourcesBuildPhase section */

/* Begin PBXSourcesBuildPhase section */
		C7FEE3B42BE8BD1B008B4F60 /* Sources */ = {
			isa = PBXSourcesBuildPhase;
			buildActionMask = 2147483647;
			files = (
				C7FEE3E42BE8D23D008B4F60 /* HomeView.swift in Sources */,
				C75B15032BEA12590094D946 /* RecentsView.swift in Sources */,
				C7FEE3D52BE8C5C8008B4F60 /* DataError.swift in Sources */,
				C7FEE3CE2BE8BE3D008B4F60 /* ImageLoaderView.swift in Sources */,
				C7FEE3E62BE8D250008B4F60 /* HomeViewModel.swift in Sources */,
				C7FEE3D22BE8C271008B4F60 /* DataBaseHelper.swift in Sources */,
				C7FEE3E92BE8D93F008B4F60 /* CategoryView.swift in Sources */,
				C7FEE3BE2BE8BD1B008B4F60 /* ContentView.swift in Sources */,
				C7FEE3D92BE8CA57008B4F60 /* User.swift in Sources */,
				C7FEE3BC2BE8BD1B008B4F60 /* SpotifyCoverApp.swift in Sources */,
				C7FEE3D02BE8BF02008B4F60 /* Constants.swift in Sources */,
				C7FEE3D72BE8CA19008B4F60 /* Product.swift in Sources */,
				C7FEE3EC2BE8DE46008B4F60 /* Category.swift in Sources */,
			);
			runOnlyForDeploymentPostprocessing = 0;
		};
/* End PBXSourcesBuildPhase section */

/* Begin XCBuildConfiguration section */
		C7FEE3C42BE8BD1C008B4F60 /* Debug */ = {
			isa = XCBuildConfiguration;
			buildSettings = {
				ALWAYS_SEARCH_USER_PATHS = NO;
				ASSETCATALOG_COMPILER_GENERATE_SWIFT_ASSET_SYMBOL_EXTENSIONS = YES;
				CLANG_ANALYZER_NONNULL = YES;
				CLANG_ANALYZER_NUMBER_OBJECT_CONVERSION = YES_AGGRESSIVE;
				CLANG_CXX_LANGUAGE_STANDARD = "gnu++20";
				CLANG_ENABLE_MODULES = YES;
				CLANG_ENABLE_OBJC_ARC = YES;
				CLANG_ENABLE_OBJC_WEAK = YES;
				CLANG_WARN_BLOCK_CAPTURE_AUTORELEASING = YES;
				CLANG_WARN_BOOL_CONVERSION = YES;
				CLANG_WARN_COMMA = YES;
				CLANG_WARN_CONSTANT_CONVERSION = YES;
				CLANG_WARN_DEPRECATED_OBJC_IMPLEMENTATIONS = YES;
				CLANG_WARN_DIRECT_OBJC_ISA_USAGE = YES_ERROR;
				CLANG_WARN_DOCUMENTATION_COMMENTS = YES;
				CLANG_WARN_EMPTY_BODY = YES;
				CLANG_WARN_ENUM_CONVERSION = YES;
				CLANG_WARN_INFINITE_RECURSION = YES;
				CLANG_WARN_INT_CONVERSION = YES;
				CLANG_WARN_NON_LITERAL_NULL_CONVERSION = YES;
				CLANG_WARN_OBJC_IMPLICIT_RETAIN_SELF = YES;
				CLANG_WARN_OBJC_LITERAL_CONVERSION = YES;
				CLANG_WARN_OBJC_ROOT_CLASS = YES_ERROR;
				CLANG_WARN_QUOTED_INCLUDE_IN_FRAMEWORK_HEADER = YES;
				CLANG_WARN_RANGE_LOOP_ANALYSIS = YES;
				CLANG_WARN_STRICT_PROTOTYPES = YES;
				CLANG_WARN_SUSPICIOUS_MOVE = YES;
				CLANG_WARN_UNGUARDED_AVAILABILITY = YES_AGGRESSIVE;
				CLANG_WARN_UNREACHABLE_CODE = YES;
				CLANG_WARN__DUPLICATE_METHOD_MATCH = YES;
				COPY_PHASE_STRIP = NO;
				DEBUG_INFORMATION_FORMAT = dwarf;
				ENABLE_STRICT_OBJC_MSGSEND = YES;
				ENABLE_TESTABILITY = YES;
				ENABLE_USER_SCRIPT_SANDBOXING = YES;
				GCC_C_LANGUAGE_STANDARD = gnu17;
				GCC_DYNAMIC_NO_PIC = NO;
				GCC_NO_COMMON_BLOCKS = YES;
				GCC_OPTIMIZATION_LEVEL = 0;
				GCC_PREPROCESSOR_DEFINITIONS = (
					"DEBUG=1",
					"$(inherited)",
				);
				GCC_WARN_64_TO_32_BIT_CONVERSION = YES;
				GCC_WARN_ABOUT_RETURN_TYPE = YES_ERROR;
				GCC_WARN_UNDECLARED_SELECTOR = YES;
				GCC_WARN_UNINITIALIZED_AUTOS = YES_AGGRESSIVE;
				GCC_WARN_UNUSED_FUNCTION = YES;
				GCC_WARN_UNUSED_VARIABLE = YES;
				IPHONEOS_DEPLOYMENT_TARGET = 17.2;
				LOCALIZATION_PREFERS_STRING_CATALOGS = YES;
				MTL_ENABLE_DEBUG_INFO = INCLUDE_SOURCE;
				MTL_FAST_MATH = YES;
				ONLY_ACTIVE_ARCH = YES;
				SDKROOT = iphoneos;
				SWIFT_ACTIVE_COMPILATION_CONDITIONS = "DEBUG $(inherited)";
				SWIFT_OPTIMIZATION_LEVEL = "-Onone";
			};
			name = Debug;
		};
		C7FEE3C52BE8BD1C008B4F60 /* Release */ = {
			isa = XCBuildConfiguration;
			buildSettings = {
				ALWAYS_SEARCH_USER_PATHS = NO;
				ASSETCATALOG_COMPILER_GENERATE_SWIFT_ASSET_SYMBOL_EXTENSIONS = YES;
				CLANG_ANALYZER_NONNULL = YES;
				CLANG_ANALYZER_NUMBER_OBJECT_CONVERSION = YES_AGGRESSIVE;
				CLANG_CXX_LANGUAGE_STANDARD = "gnu++20";
				CLANG_ENABLE_MODULES = YES;
				CLANG_ENABLE_OBJC_ARC = YES;
				CLANG_ENABLE_OBJC_WEAK = YES;
				CLANG_WARN_BLOCK_CAPTURE_AUTORELEASING = YES;
				CLANG_WARN_BOOL_CONVERSION = YES;
				CLANG_WARN_COMMA = YES;
				CLANG_WARN_CONSTANT_CONVERSION = YES;
				CLANG_WARN_DEPRECATED_OBJC_IMPLEMENTATIONS = YES;
				CLANG_WARN_DIRECT_OBJC_ISA_USAGE = YES_ERROR;
				CLANG_WARN_DOCUMENTATION_COMMENTS = YES;
				CLANG_WARN_EMPTY_BODY = YES;
				CLANG_WARN_ENUM_CONVERSION = YES;
				CLANG_WARN_INFINITE_RECURSION = YES;
				CLANG_WARN_INT_CONVERSION = YES;
				CLANG_WARN_NON_LITERAL_NULL_CONVERSION = YES;
				CLANG_WARN_OBJC_IMPLICIT_RETAIN_SELF = YES;
				CLANG_WARN_OBJC_LITERAL_CONVERSION = YES;
				CLANG_WARN_OBJC_ROOT_CLASS = YES_ERROR;
				CLANG_WARN_QUOTED_INCLUDE_IN_FRAMEWORK_HEADER = YES;
				CLANG_WARN_RANGE_LOOP_ANALYSIS = YES;
				CLANG_WARN_STRICT_PROTOTYPES = YES;
				CLANG_WARN_SUSPICIOUS_MOVE = YES;
				CLANG_WARN_UNGUARDED_AVAILABILITY = YES_AGGRESSIVE;
				CLANG_WARN_UNREACHABLE_CODE = YES;
				CLANG_WARN__DUPLICATE_METHOD_MATCH = YES;
				COPY_PHASE_STRIP = NO;
				DEBUG_INFORMATION_FORMAT = "dwarf-with-dsym";
				ENABLE_NS_ASSERTIONS = NO;
				ENABLE_STRICT_OBJC_MSGSEND = YES;
				ENABLE_USER_SCRIPT_SANDBOXING = YES;
				GCC_C_LANGUAGE_STANDARD = gnu17;
				GCC_NO_COMMON_BLOCKS = YES;
				GCC_WARN_64_TO_32_BIT_CONVERSION = YES;
				GCC_WARN_ABOUT_RETURN_TYPE = YES_ERROR;
				GCC_WARN_UNDECLARED_SELECTOR = YES;
				GCC_WARN_UNINITIALIZED_AUTOS = YES_AGGRESSIVE;
				GCC_WARN_UNUSED_FUNCTION = YES;
				GCC_WARN_UNUSED_VARIABLE = YES;
				IPHONEOS_DEPLOYMENT_TARGET = 17.2;
				LOCALIZATION_PREFERS_STRING_CATALOGS = YES;
				MTL_ENABLE_DEBUG_INFO = NO;
				MTL_FAST_MATH = YES;
				SDKROOT = iphoneos;
				SWIFT_COMPILATION_MODE = wholemodule;
				VALIDATE_PRODUCT = YES;
			};
			name = Release;
		};
		C7FEE3C72BE8BD1C008B4F60 /* Debug */ = {
			isa = XCBuildConfiguration;
			buildSettings = {
				ASSETCATALOG_COMPILER_APPICON_NAME = AppIcon;
				ASSETCATALOG_COMPILER_GLOBAL_ACCENT_COLOR_NAME = AccentColor;
				CODE_SIGN_STYLE = Automatic;
				CURRENT_PROJECT_VERSION = 1;
				DEVELOPMENT_ASSET_PATHS = "\"SpotifyCover/Preview Content\"";
				DEVELOPMENT_TEAM = 2A8H49QXG6;
				ENABLE_PREVIEWS = YES;
				GENERATE_INFOPLIST_FILE = YES;
				INFOPLIST_KEY_UIApplicationSceneManifest_Generation = YES;
				INFOPLIST_KEY_UIApplicationSupportsIndirectInputEvents = YES;
				INFOPLIST_KEY_UILaunchScreen_Generation = YES;
				INFOPLIST_KEY_UISupportedInterfaceOrientations_iPad = "UIInterfaceOrientationPortrait UIInterfaceOrientationPortraitUpsideDown UIInterfaceOrientationLandscapeLeft UIInterfaceOrientationLandscapeRight";
				INFOPLIST_KEY_UISupportedInterfaceOrientations_iPhone = "UIInterfaceOrientationPortrait UIInterfaceOrientationLandscapeLeft UIInterfaceOrientationLandscapeRight";
				LD_RUNPATH_SEARCH_PATHS = (
					"$(inherited)",
					"@executable_path/Frameworks",
				);
				MARKETING_VERSION = 1.0;
				PRODUCT_BUNDLE_IDENTIFIER = com.lophiester.SpotifyCover;
				PRODUCT_NAME = "$(TARGET_NAME)";
				SWIFT_EMIT_LOC_STRINGS = YES;
				SWIFT_VERSION = 5.0;
				TARGETED_DEVICE_FAMILY = "1,2";
			};
			name = Debug;
		};
		C7FEE3C82BE8BD1C008B4F60 /* Release */ = {
			isa = XCBuildConfiguration;
			buildSettings = {
				ASSETCATALOG_COMPILER_APPICON_NAME = AppIcon;
				ASSETCATALOG_COMPILER_GLOBAL_ACCENT_COLOR_NAME = AccentColor;
				CODE_SIGN_STYLE = Automatic;
				CURRENT_PROJECT_VERSION = 1;
				DEVELOPMENT_ASSET_PATHS = "\"SpotifyCover/Preview Content\"";
				DEVELOPMENT_TEAM = 2A8H49QXG6;
				ENABLE_PREVIEWS = YES;
				GENERATE_INFOPLIST_FILE = YES;
				INFOPLIST_KEY_UIApplicationSceneManifest_Generation = YES;
				INFOPLIST_KEY_UIApplicationSupportsIndirectInputEvents = YES;
				INFOPLIST_KEY_UILaunchScreen_Generation = YES;
				INFOPLIST_KEY_UISupportedInterfaceOrientations_iPad = "UIInterfaceOrientationPortrait UIInterfaceOrientationPortraitUpsideDown UIInterfaceOrientationLandscapeLeft UIInterfaceOrientationLandscapeRight";
				INFOPLIST_KEY_UISupportedInterfaceOrientations_iPhone = "UIInterfaceOrientationPortrait UIInterfaceOrientationLandscapeLeft UIInterfaceOrientationLandscapeRight";
				LD_RUNPATH_SEARCH_PATHS = (
					"$(inherited)",
					"@executable_path/Frameworks",
				);
				MARKETING_VERSION = 1.0;
				PRODUCT_BUNDLE_IDENTIFIER = com.lophiester.SpotifyCover;
				PRODUCT_NAME = "$(TARGET_NAME)";
				SWIFT_EMIT_LOC_STRINGS = YES;
				SWIFT_VERSION = 5.0;
				TARGETED_DEVICE_FAMILY = "1,2";
			};
			name = Release;
		};
/* End XCBuildConfiguration section */

/* Begin XCConfigurationList section */
		C7FEE3B32BE8BD1B008B4F60 /* Build configuration list for PBXProject "SpotifyCover" */ = {
			isa = XCConfigurationList;
			buildConfigurations = (
				C7FEE3C42BE8BD1C008B4F60 /* Debug */,
				C7FEE3C52BE8BD1C008B4F60 /* Release */,
			);
			defaultConfigurationIsVisible = 0;
			defaultConfigurationName = Release;
		};
		C7FEE3C62BE8BD1C008B4F60 /* Build configuration list for PBXNativeTarget "SpotifyCover" */ = {
			isa = XCConfigurationList;
			buildConfigurations = (
				C7FEE3C72BE8BD1C008B4F60 /* Debug */,
				C7FEE3C82BE8BD1C008B4F60 /* Release */,
			);
			defaultConfigurationIsVisible = 0;
			defaultConfigurationName = Release;
		};
/* End XCConfigurationList section */

/* Begin XCRemoteSwiftPackageReference section */
		C7FEE3C92BE8BD72008B4F60 /* XCRemoteSwiftPackageReference "SDWebImageSwiftUI" */ = {
			isa = XCRemoteSwiftPackageReference;
			repositoryURL = "https://github.com/SDWebImage/SDWebImageSwiftUI.git";
			requirement = {
				kind = upToNextMajorVersion;
				minimumVersion = 3.0.4;
			};
		};
		C7FEE3DB2BE8CF35008B4F60 /* XCRemoteSwiftPackageReference "SwiftfulUI" */ = {
			isa = XCRemoteSwiftPackageReference;
			repositoryURL = "https://github.com/SwiftfulThinking/SwiftfulUI.git";
			requirement = {
				kind = upToNextMajorVersion;
				minimumVersion = 1.2.0;
			};
		};
		C7FEE3DE2BE8CF5C008B4F60 /* XCRemoteSwiftPackageReference "SwiftfulRouting" */ = {
			isa = XCRemoteSwiftPackageReference;
			repositoryURL = "https://github.com/SwiftfulThinking/SwiftfulRouting.git";
			requirement = {
				kind = upToNextMajorVersion;
				minimumVersion = 5.3.2;
			};
		};
/* End XCRemoteSwiftPackageReference section */

/* Begin XCSwiftPackageProductDependency section */
		C75B15042BEA19920094D946 /* SwiftfulUI */ = {
			isa = XCSwiftPackageProductDependency;
			package = C7FEE3DB2BE8CF35008B4F60 /* XCRemoteSwiftPackageReference "SwiftfulUI" */;
			productName = SwiftfulUI;
		};
		C7FEE3CA2BE8BD72008B4F60 /* SDWebImageSwiftUI */ = {
			isa = XCSwiftPackageProductDependency;
			package = C7FEE3C92BE8BD72008B4F60 /* XCRemoteSwiftPackageReference "SDWebImageSwiftUI" */;
			productName = SDWebImageSwiftUI;
		};
		C7FEE3DC2BE8CF35008B4F60 /* SwiftfulUI */ = {
			isa = XCSwiftPackageProductDependency;
			package = C7FEE3DB2BE8CF35008B4F60 /* XCRemoteSwiftPackageReference "SwiftfulUI" */;
			productName = SwiftfulUI;
		};
		C7FEE3DF2BE8CF5C008B4F60 /* SwiftfulRouting */ = {
			isa = XCSwiftPackageProductDependency;
			package = C7FEE3DE2BE8CF5C008B4F60 /* XCRemoteSwiftPackageReference "SwiftfulRouting" */;
			productName = SwiftfulRouting;
		};
/* End XCSwiftPackageProductDependency section */
	};
	rootObject = C7FEE3B02BE8BD1B008B4F60 /* Project object */;
}
